
Microsoft Visual Studio Solution File, Format Version 12.00
# Visual Studio Version 17
VisualStudioVersion = 17.8.34525.116
MinimumVisualStudioVersion = 10.0.40219.1
Project("{9A19103F-16F7-4668-BE54-9A1E7A4F7556}") = "MService", "..\MService\MService.csproj", "{D9FA72BC-08C4-4BA7-9662-77BADF98A21F}"
EndProject
Project("{9A19103F-16F7-4668-BE54-9A1E7A4F7556}") = "ServiceMonitoringAPI", "ServiceMonitoringAPI\ServiceMonitoringAPI.csproj", "{F0C7BC90-D2CA-4A76-95B3-FF17C8805A7D}"
EndProject
Project("{9A19103F-16F7-4668-BE54-9A1E7A4F7556}") = "SharedModels", "..\SharedModels\SharedModels.csproj", "{532D2845-118F-4C82-8E16-06944E7C1D1D}"
EndProject
Global
	GlobalSection(SolutionConfigurationPlatforms) = preSolution
		Debug|Any CPU = Debug|Any CPU
		Release|Any CPU = Release|Any CPU
	EndGlobalSection
	GlobalSection(ProjectConfigurationPlatforms) = postSolution
		{D9FA72BC-08C4-4BA7-9662-77BADF98A21F}.Debug|Any CPU.ActiveCfg = Debug|Any CPU
		{D9FA72BC-08C4-4BA7-9662-77BADF98A21F}.Debug|Any CPU.Build.0 = Debug|Any CPU
		{D9FA72BC-08C4-4BA7-9662-77BADF98A21F}.Release|Any CPU.ActiveCfg = Release|Any CPU
		{D9FA72BC-08C4-4BA7-9662-77BADF98A21F}.Release|Any CPU.Build.0 = Release|Any CPU
		{F0C7BC90-D2CA-4A76-95B3-FF17C8805A7D}.Debug|Any CPU.ActiveCfg = Debug|Any CPU
		{F0C7BC90-D2CA-4A76-95B3-FF17C8805A7D}.Debug|Any CPU.Build.0 = Debug|Any CPU
		{F0C7BC90-D2CA-4A76-95B3-FF17C8805A7D}.Release|Any CPU.ActiveCfg = Release|Any CPU
		{F0C7BC90-D2CA-4A76-95B3-FF17C8805A7D}.Release|Any CPU.Build.0 = Release|Any CPU
		{532D2845-118F-4C82-8E16-06944E7C1D1D}.Debug|Any CPU.ActiveCfg = Debug|Any CPU
		{532D2845-118F-4C82-8E16-06944E7C1D1D}.Debug|Any CPU.Build.0 = Debug|Any CPU
		{532D2845-118F-4C82-8E16-06944E7C1D1D}.Release|Any CPU.ActiveCfg = Release|Any CPU
		{532D2845-118F-4C82-8E16-06944E7C1D1D}.Release|Any CPU.Build.0 = Release|Any CPU
	EndGlobalSection
	GlobalSection(SolutionProperties) = preSolution
		HideSolutionNode = FALSE
	EndGlobalSection
	GlobalSection(ExtensibilityGlobals) = postSolution
		SolutionGuid = {A104635A-670A-46E3-8DAA-66C52FF6DA99}
	EndGlobalSection
EndGlobal
