
Microsoft Visual Studio Solution File, Format Version 12.00
# Visual Studio Version 17
VisualStudioVersion = 17.9.34616.47
MinimumVisualStudioVersion = 10.0.40219.1
Project("{9A19103F-16F7-4668-BE54-9A1E7A4F7556}") = "ServiceMonitoringAPI", "ServiceMonitoringAPI\ServiceMonitoringAPI.csproj", "{52970CBC-D56E-4D66-B9BD-474A2EF1DEBD}"
EndProject
Project("{9A19103F-16F7-4668-BE54-9A1E7A4F7556}") = "SharedModels", "SharedModels\SharedModels.csproj", "{CF319F7C-5ECC-47F9-88A2-57FC600189D3}"
EndProject
Project("{9A19103F-16F7-4668-BE54-9A1E7A4F7556}") = "MService", "MService\MService.csproj", "{FCD723F0-C2EC-4DA7-B036-06F23DF217CF}"
EndProject
Global
	GlobalSection(SolutionConfigurationPlatforms) = preSolution
		Debug|Any CPU = Debug|Any CPU
		Release|Any CPU = Release|Any CPU
	EndGlobalSection
	GlobalSection(ProjectConfigurationPlatforms) = postSolution
		{52970CBC-D56E-4D66-B9BD-474A2EF1DEBD}.Debug|Any CPU.ActiveCfg = Debug|Any CPU
		{52970CBC-D56E-4D66-B9BD-474A2EF1DEBD}.Debug|Any CPU.Build.0 = Debug|Any CPU
		{52970CBC-D56E-4D66-B9BD-474A2EF1DEBD}.Release|Any CPU.ActiveCfg = Release|Any CPU
		{52970CBC-D56E-4D66-B9BD-474A2EF1DEBD}.Release|Any CPU.Build.0 = Release|Any CPU
		{CF319F7C-5ECC-47F9-88A2-57FC600189D3}.Debug|Any CPU.ActiveCfg = Debug|Any CPU
		{CF319F7C-5ECC-47F9-88A2-57FC600189D3}.Debug|Any CPU.Build.0 = Debug|Any CPU
		{CF319F7C-5ECC-47F9-88A2-57FC600189D3}.Release|Any CPU.ActiveCfg = Release|Any CPU
		{CF319F7C-5ECC-47F9-88A2-57FC600189D3}.Release|Any CPU.Build.0 = Release|Any CPU
		{FCD723F0-C2EC-4DA7-B036-06F23DF217CF}.Debug|Any CPU.ActiveCfg = Debug|Any CPU
		{FCD723F0-C2EC-4DA7-B036-06F23DF217CF}.Debug|Any CPU.Build.0 = Debug|Any CPU
		{FCD723F0-C2EC-4DA7-B036-06F23DF217CF}.Release|Any CPU.ActiveCfg = Release|Any CPU
		{FCD723F0-C2EC-4DA7-B036-06F23DF217CF}.Release|Any CPU.Build.0 = Release|Any CPU
	EndGlobalSection
	GlobalSection(SolutionProperties) = preSolution
		HideSolutionNode = FALSE
	EndGlobalSection
	GlobalSection(ExtensibilityGlobals) = postSolution
		SolutionGuid = {9CF3A3C4-A402-43ED-B256-66B77E576595}
	EndGlobalSection
EndGlobal
